<?xml version="1.0" encoding="utf-8"?>
<Project ToolsVersion="4.0" xmlns="http://schemas.microsoft.com/developer/msbuild/2003">
  <ItemGroup>
    <Filter Include="Source Files">
      <UniqueIdentifier>{4FC737F1-C7A5-4376-A066-2A32D752A2FF}</UniqueIdentifier>
      <Extensions>cpp;c;cc;cxx;c++;cppm;ixx;def;odl;idl;hpj;bat;asm;asmx</Extensions>
    </Filter>
    <Filter Include="Header Files">
      <UniqueIdentifier>{93995380-89BD-4b04-88EB-625FBE52EBFB}</UniqueIdentifier>
      <Extensions>h;hh;hpp;hxx;h++;hm;inl;inc;ipp;xsd</Extensions>
    </Filter>
    <Filter Include="Source Files\Resource Files">
      <UniqueIdentifier>{67DA6AB6-F800-4c08-8B7A-83BB121AAD01}</UniqueIdentifier>
      <Extensions>rc;ico;cur;bmp;dlg;rc2;rct;bin;rgs;gif;jpg;jpeg;jpe;resx;tiff;tif;png;wav;mfcribbon-ms</Extensions>
    </Filter>
    <Filter Include="D3DX">
      <UniqueIdentifier>{94d7cf3b-8aa2-4d8b-ae6a-f1fb0520b6aa}</UniqueIdentifier>
    </Filter>
  </ItemGroup>
  <ItemGroup>
    <ClCompile Include="zDump.cpp">
      <Filter>Source Files</Filter>
    </ClCompile>
    <ClCompile Include="D3DX\imgui.cpp">
      <Filter>D3DX</Filter>
    </ClCompile>
    <ClCompile Include="D3DX\imgui_draw.cpp">
      <Filter>D3DX</Filter>
    </ClCompile>
    <ClCompile Include="D3DX\imgui_impl_dx9.cpp">
      <Filter>D3DX</Filter>
    </ClCompile>
    <ClCompile Include="D3DX\imgui_widgets.cpp">
      <Filter>D3DX</Filter>
    </ClCompile>
  </ItemGroup>
  <ItemGroup>
    <ClInclude Include="utils.h">
      <Filter>Header Files</Filter>
    </ClInclude>
    <ClInclude Include="D3DX\d3dx9.h">
      <Filter>D3DX</Filter>
    </ClInclude>
    <ClInclude Include="D3DX\d3dx9anim.h">
      <Filter>D3DX</Filter>
    </ClInclude>
    <ClInclude Include="D3DX\d3dx9core.h">
      <Filter>D3DX</Filter>
    </ClInclude>
    <ClInclude Include="D3DX\d3dx9effect.h">
      <Filter>D3DX</Filter>
    </ClInclude>
    <ClInclude Include="D3DX\d3dx9math.h">
      <Filter>D3DX</Filter>
    </ClInclude>
    <ClInclude Include="D3DX\d3dx9mesh.h">
      <Filter>D3DX</Filter>
    </ClInclude>
    <ClInclude Include="D3DX\d3dx9shader.h">
      <Filter>D3DX</Filter>
    </ClInclude>
    <ClInclude Include="D3DX\d3dx9shape.h">
      <Filter>D3DX</Filter>
    </ClInclude>
    <ClInclude Include="D3DX\d3dx9tex.h">
      <Filter>D3DX</Filter>
    </ClInclude>
    <ClInclude Include="D3DX\d3dx9xof.h">
      <Filter>D3DX</Filter>
    </ClInclude>
    <ClInclude Include="D3DX\imconfig.h">
      <Filter>D3DX</Filter>
    </ClInclude>
    <ClInclude Include="D3DX\imgui.h">
      <Filter>D3DX</Filter>
    </ClInclude>
    <ClInclude Include="D3DX\imgui_impl_dx9.h">
      <Filter>D3DX</Filter>
    </ClInclude>
    <ClInclude Include="D3DX\imgui_internal.h">
      <Filter>D3DX</Filter>
    </ClInclude>
    <ClInclude Include="D3DX\imstb_rectpack.h">
      <Filter>D3DX</Filter>
    </ClInclude>
    <ClInclude Include="D3DX\imstb_textedit.h">
      <Filter>D3DX</Filter>
    </ClInclude>
    <ClInclude Include="D3DX\imstb_truetype.h">
      <Filter>D3DX</Filter>
    </ClInclude>
    <ClInclude Include="DirectOverlay.h">
      <Filter>Header Files</Filter>
    </ClInclude>
    <ClInclude Include="xor.hpp">
      <Filter>Header Files</Filter>
    </ClInclude>
    <ClInclude Include="d3dx9.h">
      <Filter>Header Files</Filter>
    </ClInclude>
  </ItemGroup>
  <ItemGroup>
    <None Include="D3DX\d3dx9math.inl">
      <Filter>D3DX</Filter>
    </None>
  </ItemGroup>
</Project>